// !$*UTF8*$!
{
	archiveVersion = 1;
	classes = {
	};
	objectVersion = 46;
	objects = {

/* Begin PBXBuildFile section */
		BA3C64C119A869BC004A21E4 /* proximanova-bold.otf in Resources */ = {isa = PBXBuildFile; fileRef = BA4BD3FD19A8693E00B589CD /* proximanova-bold.otf */; };
		BA4A2E8919A8490D00DAAB06 /* AppDelegate.swift in Sources */ = {isa = PBXBuildFile; fileRef = BA4A2E8819A8490D00DAAB06 /* AppDelegate.swift */; };
		BA4A2E8B19A8490D00DAAB06 /* ViewController.swift in Sources */ = {isa = PBXBuildFile; fileRef = BA4A2E8A19A8490D00DAAB06 /* ViewController.swift */; };
		BA4A2E8E19A8490D00DAAB06 /* Main.storyboard in Resources */ = {isa = PBXBuildFile; fileRef = BA4A2E8C19A8490D00DAAB06 /* Main.storyboard */; };
		BA4A2E9019A8490D00DAAB06 /* Images.xcassets in Resources */ = {isa = PBXBuildFile; fileRef = BA4A2E8F19A8490D00DAAB06 /* Images.xcassets */; };
		BA4A2E9C19A8490E00DAAB06 /* cointossTests.swift in Sources */ = {isa = PBXBuildFile; fileRef = BA4A2E9B19A8490E00DAAB06 /* cointossTests.swift */; };
		BA4BD3FB19A8678B00B589CD /* proximanova-regular.otf in Resources */ = {isa = PBXBuildFile; fileRef = BA4BD3F919A8677F00B589CD /* proximanova-regular.otf */; };
/* End PBXBuildFile section */

/* Begin PBXContainerItemProxy section */
		BA4A2E9619A8490E00DAAB06 /* PBXContainerItemProxy */ = {
			isa = PBXContainerItemProxy;
			containerPortal = BA4A2E7B19A8490D00DAAB06 /* Project object */;
			proxyType = 1;
			remoteGlobalIDString = BA4A2E8219A8490D00DAAB06;
			remoteInfo = cointoss;
		};
/* End PBXContainerItemProxy section */

/* Begin PBXFileReference section */
		BA4A2E8319A8490D00DAAB06 /* cointossr.app */ = {isa = PBXFileReference; explicitFileType = wrapper.application; includeInIndex = 0; path = cointossr.app; sourceTree = BUILT_PRODUCTS_DIR; };
		BA4A2E8719A8490D00DAAB06 /* Info.plist */ = {isa = PBXFileReference; lastKnownFileType = text.plist.xml; path = Info.plist; sourceTree = "<group>"; };
		BA4A2E8819A8490D00DAAB06 /* AppDelegate.swift */ = {isa = PBXFileReference; lastKnownFileType = sourcecode.swift; path = AppDelegate.swift; sourceTree = "<group>"; };
		BA4A2E8A19A8490D00DAAB06 /* ViewController.swift */ = {isa = PBXFileReference; lastKnownFileType = sourcecode.swift; path = ViewController.swift; sourceTree = "<group>"; };
		BA4A2E8D19A8490D00DAAB06 /* Base */ = {isa = PBXFileReference; lastKnownFileType = file.storyboard; name = Base; path = Base.lproj/Main.storyboard; sourceTree = "<group>"; };
		BA4A2E8F19A8490D00DAAB06 /* Images.xcassets */ = {isa = PBXFileReference; lastKnownFileType = folder.assetcatalog; path = Images.xcassets; sourceTree = "<group>"; };
		BA4A2E9519A8490E00DAAB06 /* cointossTests.xctest */ = {isa = PBXFileReference; explicitFileType = wrapper.cfbundle; includeInIndex = 0; path = cointossTests.xctest; sourceTree = BUILT_PRODUCTS_DIR; };
		BA4A2E9A19A8490E00DAAB06 /* Info.plist */ = {isa = PBXFileReference; lastKnownFileType = text.plist.xml; path = Info.plist; sourceTree = "<group>"; };
		BA4A2E9B19A8490E00DAAB06 /* cointossTests.swift */ = {isa = PBXFileReference; lastKnownFileType = sourcecode.swift; path = cointossTests.swift; sourceTree = "<group>"; };
		BA4BD3F919A8677F00B589CD /* proximanova-regular.otf */ = {isa = PBXFileReference; lastKnownFileType = file; name = "proximanova-regular.otf"; path = "fonts/proximanova-regular.otf"; sourceTree = SOURCE_ROOT; };
		BA4BD3FD19A8693E00B589CD /* proximanova-bold.otf */ = {isa = PBXFileReference; lastKnownFileType = file; name = "proximanova-bold.otf"; path = "fonts/proximanova-bold.otf"; sourceTree = SOURCE_ROOT; };
/* End PBXFileReference section */

/* Begin PBXFrameworksBuildPhase section */
		BA4A2E8019A8490D00DAAB06 /* Frameworks */ = {
			isa = PBXFrameworksBuildPhase;
			buildActionMask = 2147483647;
			files = (
			);
			runOnlyForDeploymentPostprocessing = 0;
		};
		BA4A2E9219A8490E00DAAB06 /* Frameworks */ = {
			isa = PBXFrameworksBuildPhase;
			buildActionMask = 2147483647;
			files = (
			);
			runOnlyForDeploymentPostprocessing = 0;
		};
/* End PBXFrameworksBuildPhase section */

/* Begin PBXGroup section */
		BA4A2E7A19A8490D00DAAB06 = {
			isa = PBXGroup;
			children = (
				BA4A2E8519A8490D00DAAB06 /* cointoss */,
				BA4A2E9819A8490E00DAAB06 /* cointossTests */,
				BA4A2E8419A8490D00DAAB06 /* Products */,
			);
			sourceTree = "<group>";
		};
		BA4A2E8419A8490D00DAAB06 /* Products */ = {
			isa = PBXGroup;
			children = (
				BA4A2E8319A8490D00DAAB06 /* cointossr.app */,
				BA4A2E9519A8490E00DAAB06 /* cointossTests.xctest */,
			);
			name = Products;
			sourceTree = "<group>";
		};
		BA4A2E8519A8490D00DAAB06 /* cointoss */ = {
			isa = PBXGroup;
			children = (
				BA4A2E8819A8490D00DAAB06 /* AppDelegate.swift */,
				BA4A2E8A19A8490D00DAAB06 /* ViewController.swift */,
				BA4A2E8C19A8490D00DAAB06 /* Main.storyboard */,
				BA4A2E8F19A8490D00DAAB06 /* Images.xcassets */,
				BA4A2E8619A8490D00DAAB06 /* Supporting Files */,
			);
			path = cointoss;
			sourceTree = "<group>";
		};
		BA4A2E8619A8490D00DAAB06 /* Supporting Files */ = {
			isa = PBXGroup;
			children = (
				BA4A2E8719A8490D00DAAB06 /* Info.plist */,
				BA4A2EA719A864DE00DAAB06 /* Fonts */,
			);
			name = "Supporting Files";
			sourceTree = "<group>";
		};
		BA4A2E9819A8490E00DAAB06 /* cointossTests */ = {
			isa = PBXGroup;
			children = (
				BA4A2E9B19A8490E00DAAB06 /* cointossTests.swift */,
				BA4A2E9919A8490E00DAAB06 /* Supporting Files */,
			);
			path = cointossTests;
			sourceTree = "<group>";
		};
		BA4A2E9919A8490E00DAAB06 /* Supporting Files */ = {
			isa = PBXGroup;
			children = (
				BA4A2E9A19A8490E00DAAB06 /* Info.plist */,
			);
			name = "Supporting Files";
			sourceTree = "<group>";
		};
		BA4A2EA719A864DE00DAAB06 /* Fonts */ = {
			isa = PBXGroup;
			children = (
				BA4BD3FD19A8693E00B589CD /* proximanova-bold.otf */,
				BA4BD3F919A8677F00B589CD /* proximanova-regular.otf */,
			);
			name = Fonts;
			sourceTree = "<group>";
		};
/* End PBXGroup section */

/* Begin PBXNativeTarget section */
		BA4A2E8219A8490D00DAAB06 /* cointossr */ = {
			isa = PBXNativeTarget;
			buildConfigurationList = BA4A2E9F19A8490E00DAAB06 /* Build configuration list for PBXNativeTarget "cointossr" */;
			buildPhases = (
				BA4A2E7F19A8490D00DAAB06 /* Sources */,
				BA4A2E8019A8490D00DAAB06 /* Frameworks */,
				BA4A2E8119A8490D00DAAB06 /* Resources */,
			);
			buildRules = (
			);
			dependencies = (
			);
			name = cointossr;
			productName = cointoss;
			productReference = BA4A2E8319A8490D00DAAB06 /* cointossr.app */;
			productType = "com.apple.product-type.application";
		};
		BA4A2E9419A8490E00DAAB06 /* cointossTests */ = {
			isa = PBXNativeTarget;
			buildConfigurationList = BA4A2EA219A8490E00DAAB06 /* Build configuration list for PBXNativeTarget "cointossTests" */;
			buildPhases = (
				BA4A2E9119A8490E00DAAB06 /* Sources */,
				BA4A2E9219A8490E00DAAB06 /* Frameworks */,
				BA4A2E9319A8490E00DAAB06 /* Resources */,
			);
			buildRules = (
			);
			dependencies = (
				BA4A2E9719A8490E00DAAB06 /* PBXTargetDependency */,
			);
			name = cointossTests;
			productName = cointossTests;
			productReference = BA4A2E9519A8490E00DAAB06 /* cointossTests.xctest */;
			productType = "com.apple.product-type.bundle.unit-test";
		};
/* End PBXNativeTarget section */

/* Begin PBXProject section */
		BA4A2E7B19A8490D00DAAB06 /* Project object */ = {
			isa = PBXProject;
			attributes = {
				LastUpgradeCheck = 0600;
				ORGANIZATIONNAME = "Jake Dahn";
				TargetAttributes = {
					BA4A2E8219A8490D00DAAB06 = {
						CreatedOnToolsVersion = 6.0;
						DevelopmentTeam = 4X8FDALG8N;
					};
					BA4A2E9419A8490E00DAAB06 = {
						CreatedOnToolsVersion = 6.0;
						TestTargetID = BA4A2E8219A8490D00DAAB06;
					};
				};
			};
			buildConfigurationList = BA4A2E7E19A8490D00DAAB06 /* Build configuration list for PBXProject "cointoss" */;
			compatibilityVersion = "Xcode 3.2";
			developmentRegion = English;
			hasScannedForEncodings = 0;
			knownRegions = (
				en,
				Base,
			);
			mainGroup = BA4A2E7A19A8490D00DAAB06;
			productRefGroup = BA4A2E8419A8490D00DAAB06 /* Products */;
			projectDirPath = "";
			projectRoot = "";
			targets = (
				BA4A2E8219A8490D00DAAB06 /* cointossr */,
				BA4A2E9419A8490E00DAAB06 /* cointossTests */,
			);
		};
/* End PBXProject section */

/* Begin PBXResourcesBuildPhase section */
		BA4A2E8119A8490D00DAAB06 /* Resources */ = {
			isa = PBXResourcesBuildPhase;
			buildActionMask = 2147483647;
			files = (
				BA3C64C119A869BC004A21E4 /* proximanova-bold.otf in Resources */,
				BA4BD3FB19A8678B00B589CD /* proximanova-regular.otf in Resources */,
				BA4A2E8E19A8490D00DAAB06 /* Main.storyboard in Resources */,
				BA4A2E9019A8490D00DAAB06 /* Images.xcassets in Resources */,
			);
			runOnlyForDeploymentPostprocessing = 0;
		};
		BA4A2E9319A8490E00DAAB06 /* Resources */ = {
			isa = PBXResourcesBuildPhase;
			buildActionMask = 2147483647;
			files = (
			);
			runOnlyForDeploymentPostprocessing = 0;
		};
/* End PBXResourcesBuildPhase section */

/* Begin PBXSourcesBuildPhase section */
		BA4A2E7F19A8490D00DAAB06 /* Sources */ = {
			isa = PBXSourcesBuildPhase;
			buildActionMask = 2147483647;
			files = (
				BA4A2E8B19A8490D00DAAB06 /* ViewController.swift in Sources */,
				BA4A2E8919A8490D00DAAB06 /* AppDelegate.swift in Sources */,
			);
			runOnlyForDeploymentPostprocessing = 0;
		};
		BA4A2E9119A8490E00DAAB06 /* Sources */ = {
			isa = PBXSourcesBuildPhase;
			buildActionMask = 2147483647;
			files = (
				BA4A2E9C19A8490E00DAAB06 /* cointossTests.swift in Sources */,
			);
			runOnlyForDeploymentPostprocessing = 0;
		};
/* End PBXSourcesBuildPhase section */

/* Begin PBXTargetDependency section */
		BA4A2E9719A8490E00DAAB06 /* PBXTargetDependency */ = {
			isa = PBXTargetDependency;
			target = BA4A2E8219A8490D00DAAB06 /* cointossr */;
			targetProxy = BA4A2E9619A8490E00DAAB06 /* PBXContainerItemProxy */;
		};
/* End PBXTargetDependency section */

/* Begin PBXVariantGroup section */
		BA4A2E8C19A8490D00DAAB06 /* Main.storyboard */ = {
			isa = PBXVariantGroup;
			children = (
				BA4A2E8D19A8490D00DAAB06 /* Base */,
			);
			name = Main.storyboard;
			sourceTree = "<group>";
		};
/* End PBXVariantGroup section */

/* Begin XCBuildConfiguration section */
		BA4A2E9D19A8490E00DAAB06 /* Debug */ = {
			isa = XCBuildConfiguration;
			buildSettings = {
				ALWAYS_SEARCH_USER_PATHS = NO;
				CLANG_CXX_LANGUAGE_STANDARD = "gnu++0x";
				CLANG_CXX_LIBRARY = "libc++";
				CLANG_ENABLE_MODULES = YES;
				CLANG_ENABLE_OBJC_ARC = YES;
				CLANG_WARN_BOOL_CONVERSION = YES;
				CLANG_WARN_CONSTANT_CONVERSION = YES;
				CLANG_WARN_DIRECT_OBJC_ISA_USAGE = YES_ERROR;
				CLANG_WARN_EMPTY_BODY = YES;
				CLANG_WARN_ENUM_CONVERSION = YES;
				CLANG_WARN_INT_CONVERSION = YES;
				CLANG_WARN_OBJC_ROOT_CLASS = YES_ERROR;
				CLANG_WARN_UNREACHABLE_CODE = YES;
				CLANG_WARN__DUPLICATE_METHOD_MATCH = YES;
				"CODE_SIGN_IDENTITY[sdk=iphoneos*]" = "iPhone Developer";
				COPY_PHASE_STRIP = NO;
				ENABLE_STRICT_OBJC_MSGSEND = YES;
				GCC_C_LANGUAGE_STANDARD = gnu99;
				GCC_DYNAMIC_NO_PIC = NO;
				GCC_OPTIMIZATION_LEVEL = 0;
				GCC_PREPROCESSOR_DEFINITIONS = (
					"DEBUG=1",
					"$(inherited)",
				);
				GCC_SYMBOLS_PRIVATE_EXTERN = NO;
				GCC_WARN_64_TO_32_BIT_CONVERSION = YES;
				GCC_WARN_ABOUT_RETURN_TYPE = YES_ERROR;
				GCC_WARN_UNDECLARED_SELECTOR = YES;
				GCC_WARN_UNINITIALIZED_AUTOS = YES_AGGRESSIVE;
				GCC_WARN_UNUSED_FUNCTION = YES;
				GCC_WARN_UNUSED_VARIABLE = YES;
				IPHONEOS_DEPLOYMENT_TARGET = 8.0;
				MTL_ENABLE_DEBUG_INFO = YES;
				ONLY_ACTIVE_ARCH = YES;
				SDKROOT = iphoneos;
				SWIFT_OPTIMIZATION_LEVEL = "-Onone";
			};
			name = Debug;
		};
		BA4A2E9E19A8490E00DAAB06 /* Release */ = {
			isa = XCBuildConfiguration;
			buildSettings = {
				ALWAYS_SEARCH_USER_PATHS = NO;
				CLANG_CXX_LANGUAGE_STANDARD = "gnu++0x";
				CLANG_CXX_LIBRARY = "libc++";
				CLANG_ENABLE_MODULES = YES;
				CLANG_ENABLE_OBJC_ARC = YES;
				CLANG_WARN_BOOL_CONVERSION = YES;
				CLANG_WARN_CONSTANT_CONVERSION = YES;
				CLANG_WARN_DIRECT_OBJC_ISA_USAGE = YES_ERROR;
				CLANG_WARN_EMPTY_BODY = YES;
				CLANG_WARN_ENUM_CONVERSION = YES;
				CLANG_WARN_INT_CONVERSION = YES;
				CLANG_WARN_OBJC_ROOT_CLASS = YES_ERROR;
				CLANG_WARN_UNREACHABLE_CODE = YES;
				CLANG_WARN__DUPLICATE_METHOD_MATCH = YES;
				"CODE_SIGN_IDENTITY[sdk=iphoneos*]" = "iPhone Distribution: Jake Dahn (4X8FDALG8N)";
				COPY_PHASE_STRIP = YES;
				ENABLE_NS_ASSERTIONS = NO;
				ENABLE_STRICT_OBJC_MSGSEND = YES;
				GCC_C_LANGUAGE_STANDARD = gnu99;
				GCC_WARN_64_TO_32_BIT_CONVERSION = YES;
				GCC_WARN_ABOUT_RETURN_TYPE = YES_ERROR;
				GCC_WARN_UNDECLARED_SELECTOR = YES;
				GCC_WARN_UNINITIALIZED_AUTOS = YES_AGGRESSIVE;
				GCC_WARN_UNUSED_FUNCTION = YES;
				GCC_WARN_UNUSED_VARIABLE = YES;
				IPHONEOS_DEPLOYMENT_TARGET = 8.0;
				MTL_ENABLE_DEBUG_INFO = NO;
				PROVISIONING_PROFILE = "52bdf35b-04dc-4ff5-be0b-977c8470c251";
				SDKROOT = iphoneos;
				VALIDATE_PRODUCT = YES;
			};
			name = Release;
		};
		BA4A2EA019A8490E00DAAB06 /* Debug */ = {
			isa = XCBuildConfiguration;
			buildSettings = {
				ASSETCATALOG_COMPILER_APPICON_NAME = AppIcon;
				ASSETCATALOG_COMPILER_LAUNCHIMAGE_NAME = LaunchImage;
				CODE_SIGN_IDENTITY = "iPhone Developer";
				INFOPLIST_FILE = cointoss/Info.plist;
				IPHONEOS_DEPLOYMENT_TARGET = 8.0;
				LD_RUNPATH_SEARCH_PATHS = "$(inherited) @executable_path/Frameworks";
				PRODUCT_NAME = "$(TARGET_NAME)";
			};
			name = Debug;
		};
		BA4A2EA119A8490E00DAAB06 /* Release */ = {
			isa = XCBuildConfiguration;
			buildSettings = {
				ASSETCATALOG_COMPILER_APPICON_NAME = AppIcon;
				ASSETCATALOG_COMPILER_LAUNCHIMAGE_NAME = LaunchImage;
				CODE_SIGN_IDENTITY = "iPhone Developer";
				"CODE_SIGN_IDENTITY[sdk=iphoneos*]" = "iPhone Distribution: Jake Dahn (4X8FDALG8N)";
				INFOPLIST_FILE = cointoss/Info.plist;
				IPHONEOS_DEPLOYMENT_TARGET = 8.0;
				LD_RUNPATH_SEARCH_PATHS = "$(inherited) @executable_path/Frameworks";
				PRODUCT_NAME = "$(TARGET_NAME)";
				PROVISIONING_PROFILE = "52bdf35b-04dc-4ff5-be0b-977c8470c251";
			};
			name = Release;
		};
		BA4A2EA319A8490E00DAAB06 /* Debug */ = {
			isa = XCBuildConfiguration;
			buildSettings = {
				BUNDLE_LOADER = "$(TEST_HOST)";
				FRAMEWORK_SEARCH_PATHS = (
					"$(SDKROOT)/Developer/Library/Frameworks",
					"$(inherited)",
				);
				GCC_PREPROCESSOR_DEFINITIONS = (
					"DEBUG=1",
					"$(inherited)",
				);
				INFOPLIST_FILE = cointossTests/Info.plist;
				LD_RUNPATH_SEARCH_PATHS = "$(inherited) @executable_path/Frameworks @loader_path/Frameworks";
				PRODUCT_NAME = "$(TARGET_NAME)";
				TEST_HOST = "$(BUILT_PRODUCTS_DIR)/cointoss.app/cointoss";
			};
			name = Debug;
		};
		BA4A2EA419A8490E00DAAB06 /* Release */ = {
			isa = XCBuildConfiguration;
			buildSettings = {
				BUNDLE_LOADER = "$(TEST_HOST)";
				FRAMEWORK_SEARCH_PATHS = (
					"$(SDKROOT)/Developer/Library/Frameworks",
					"$(inherited)",
				);
				INFOPLIST_FILE = cointossTests/Info.plist;
				LD_RUNPATH_SEARCH_PATHS = "$(inherited) @executable_path/Frameworks @loader_path/Frameworks";
				PRODUCT_NAME = "$(TARGET_NAME)";
				TEST_HOST = "$(BUILT_PRODUCTS_DIR)/cointoss.app/cointoss";
			};
			name = Release;
		};
/* End XCBuildConfiguration section */

/* Begin XCConfigurationList section */
		BA4A2E7E19A8490D00DAAB06 /* Build configuration list for PBXProject "cointoss" */ = {
			isa = XCConfigurationList;
			buildConfigurations = (
				BA4A2E9D19A8490E00DAAB06 /* Debug */,
				BA4A2E9E19A8490E00DAAB06 /* Release */,
			);
			defaultConfigurationIsVisible = 0;
			defaultConfigurationName = Release;
		};
		BA4A2E9F19A8490E00DAAB06 /* Build configuration list for PBXNativeTarget "cointossr" */ = {
			isa = XCConfigurationList;
			buildConfigurations = (
				BA4A2EA019A8490E00DAAB06 /* Debug */,
				BA4A2EA119A8490E00DAAB06 /* Release */,
			);
			defaultConfigurationIsVisible = 0;
			defaultConfigurationName = Release;
		};
		BA4A2EA219A8490E00DAAB06 /* Build configuration list for PBXNativeTarget "cointossTests" */ = {
			isa = XCConfigurationList;
			buildConfigurations = (
				BA4A2EA319A8490E00DAAB06 /* Debug */,
				BA4A2EA419A8490E00DAAB06 /* Release */,
			);
			defaultConfigurationIsVisible = 0;
			defaultConfigurationName = Release;
		};
/* End XCConfigurationList section */
	};
	rootObject = BA4A2E7B19A8490D00DAAB06 /* Project object */;
}
